github.com/AlecRandazzo/BinaryTransforms v1.2.1 h1:V1c8e4mArVLbPPC9MobjgqCS/ySmgzKVHfmQYOktNLQ=
github.com/AlecRandazzo/BinaryTransforms v1.2.1/go.mod h1:j5jUHxbnBatH1AQsl3ISFaXdCKBtIIGAbtanaLHcnr0=
github.com/AlecRandazzo/GoFor-MFT-Parser v0.2.0 h1:hSwGXXcKN9PeVHKeGbUqvn0RiOEWhXEip9m0SdVmFkg=
github.com/AlecRandazzo/GoFor-MFT-Parser v0.2.0/go.mod h1:Sh/VWE76GdNgvE2hI8DYE+kayVNiVqj7O4hLP5J+6Z8=
github.com/AlecRandazzo/GoFor-VBR-Parser v1.0.0 h1:HdBPdXTy1ugxaqwAIHHmW4sd9LjyrfFEVHayuiUyv7A=
github.com/AlecRandazzo/GoFor-VBR-Parser v1.0.0/go.mod h1:5IteHZZRpsr9WEasR+gk2Y7JYuY3e1jiWX9hRQV4X/U=
github.com/AlecRandazzo/Timestamp-Parser v1.3.1 h1:Dm5EQaugW4OAehzZ4ysOPdrjlYXKsnfZ1ZvKV5LynHA=
github.com/AlecRandazzo/Timestamp-Parser v1.3.1/go.mod h1:z/faiJCdt6OaFpAGGBO1Bxt/piBazTjqMUdCg6kzsIE=
github.com/davecgh/go-spew v1.1.1/go.mod h1:J7Y8YcW2NihsgmVo/mv3lAwl/skON4iLHjSsI+c5H38=
github.com/google/go-cmp v0.3.1/go.mod h1:8QqcDgzrUqlUb/G2PQTWiueGozuR1884gddMywk6iLU=
github.com/konsorten/go-windows-terminal-sequences v1.0.1 h1:mweAR1A6xJ3oS2pRaGiHgQ4OO8tzTaLawm8vnODuwDk=
github.com/konsorten/go-windows-terminal-sequences v1.0.1/go.mod h1:T0+1ngSBFLxvqU3pZ+m/2kptfBszLMUkC4ZK/EgS/cQ=
github.com/pmezard/go-difflib v1.0.0/go.mod h1:iKH77koFhYxTK1pcRnkKkqfTogsbg7gZNVY4sRDYZ/4=
github.com/sirupsen/logrus v1.4.2 h1:SPIRibHv4MatM3XXNO2BJeFLZwZ2LvZgfQ5+UNI2im4=
github.com/sirupsen/logrus v1.4.2/go.mod h1:tLMulIdttU9McNUspp0xgXVQah82FyeX6MwdIuYE2rE=
github.com/stretchr/objx v0.1.1/go.mod h1:HFkY916IF+rwdDfMAkV7OtwuqBVzrE8GR6GFx+wExME=
github.com/stretchr/testify v1.2.2/go.mod h1:a8OnRcib4nhh0OaRAV+Yts87kKdq0PP7pXfy6kDkUVs=
golang.org/x/sys v0.0.0-20190422165155-953cdadca894/go.mod h1:h1NjWce9XRLGQEsW7wpKNCjG9DtNlClVuFLEZdDNbEs=
golang.org/x/sys v0.0.0-20191010194322-b09406accb47 h1:/XfQ9z7ib8eEJX2hdgFTZJ/ntt0swNk5oYBziWeTCvY=
golang.org/x/sys v0.0.0-20191010194322-b09406accb47/go.mod h1:h1NjWce9XRLGQEsW7wpKNCjG9DtNlClVuFLEZdDNbEs=
