github.com/Go-Forensics/BinaryTransforms v1.3.1 h1:NP/J3qOMW9skusaBVTRY994PThCCr7HYtNSMLtpAP+M=
github.com/Go-Forensics/BinaryTransforms v1.3.1/go.mod h1:h6SgZED9bSpdnia5KUjZcR803Zfe/mBdLHH8pejboxQ=
github.com/Go-Forensics/MFT-Parser v0.6.3 h1:xWsPkCfDT6CEnv/2z0zb3zdXHhghHYj96M3VuuP6FJk=
github.com/Go-Forensics/MFT-Parser v0.6.3/go.mod h1:HKaH6DJjKWI8uAH/Agmcs3u+IEJGiq4r439o3O7LFoc=
github.com/Go-Forensics/Timestamp-Parser v1.4.0 h1:DJlWL3+YOa/dQURQrqxfgJSlVJnPTxTGC4eFbmwLfJc=
github.com/Go-Forensics/Timestamp-Parser v1.4.0/go.mod h1:ygEktCUeP9kPsaVkjRZRp9ZsTmM0M595Iav2asboe08=
github.com/Go-Forensics/VBR-Parser v1.1.0 h1:V3kkAO4SfncA4+wdGdsrSqQkXqVuMS1nrVVP83Ne/M4=
github.com/Go-Forensics/VBR-Parser v1.1.0/go.mod h1:THXfmJNxlUqPsOg9GgnYQy+dO1hzYaOHefMDKMRhhjs=
github.com/davecgh/go-spew v1.1.1 h1:vj9j/u1bqnvCEfJOwUhtlOARqs3+rkHYY13jYWTU97c=
github.com/davecgh/go-spew v1.1.1/go.mod h1:J7Y8YcW2NihsgmVo/mv3lAwl/skON4iLHjSsI+c5H38=
github.com/google/go-cmp v0.3.1 h1:Xye71clBPdm5HgqGwUkwhbynsUJZhDbS20FvLhQ2izg=
github.com/google/go-cmp v0.3.1/go.mod h1:8QqcDgzrUqlUb/G2PQTWiueGozuR1884gddMywk6iLU=
github.com/jessevdk/go-flags v1.4.0 h1:4IU2WS7AumrZ/40jfhf4QVDMsQwqA7VEHozFRrGARJA=
github.com/jessevdk/go-flags v1.4.0/go.mod h1:4FA24M0QyGHXBuZZK/XkWh8h0e1EYbRYJSGM75WSRxI=
github.com/konsorten/go-windows-terminal-sequences v1.0.1 h1:mweAR1A6xJ3oS2pRaGiHgQ4OO8tzTaLawm8vnODuwDk=
github.com/konsorten/go-windows-terminal-sequences v1.0.1/go.mod h1:T0+1ngSBFLxvqU3pZ+m/2kptfBszLMUkC4ZK/EgS/cQ=
github.com/pmezard/go-difflib v1.0.0 h1:4DBwDE0NGyQoBHbLQYPwSUPoCMWR5BEzIk/f1lZbAQM=
github.com/pmezard/go-difflib v1.0.0/go.mod h1:iKH77koFhYxTK1pcRnkKkqfTogsbg7gZNVY4sRDYZ/4=
github.com/sirupsen/logrus v1.4.2 h1:SPIRibHv4MatM3XXNO2BJeFLZwZ2LvZgfQ5+UNI2im4=
github.com/sirupsen/logrus v1.4.2/go.mod h1:tLMulIdttU9McNUspp0xgXVQah82FyeX6MwdIuYE2rE=
github.com/stretchr/objx v0.1.1/go.mod h1:HFkY916IF+rwdDfMAkV7OtwuqBVzrE8GR6GFx+wExME=
github.com/stretchr/testify v1.2.2 h1:bSDNvY7ZPG5RlJ8otE/7V6gMiyenm9RtJ7IUVIAoJ1w=
github.com/stretchr/testify v1.2.2/go.mod h1:a8OnRcib4nhh0OaRAV+Yts87kKdq0PP7pXfy6kDkUVs=
golang.org/x/sys v0.0.0-20190422165155-953cdadca894 h1:Cz4ceDQGXuKRnVBDTS23GTn/pU5OE2C0WrNTOYK1Uuc=
golang.org/x/sys v0.0.0-20190422165155-953cdadca894/go.mod h1:h1NjWce9XRLGQEsW7wpKNCjG9DtNlClVuFLEZdDNbEs=
golang.org/x/sys v0.0.0-20191105231009-c1f44814a5cd h1:3x5uuvBgE6oaXJjCOvpCC1IpgJogqQ+PqGGU3ZxAgII=
golang.org/x/sys v0.0.0-20191105231009-c1f44814a5cd/go.mod h1:h1NjWce9XRLGQEsW7wpKNCjG9DtNlClVuFLEZdDNbEs=
